
Microsoft Visual Studio Solution File, Format Version 12.00
# Visual Studio Version 17
VisualStudioVersion = 17.2.32519.379
MinimumVisualStudioVersion = 10.0.40219.1
Project("{FAE04EC0-301F-11D3-BF4B-00C04F79EFBC}") = "VulnerableNugetTest", "VulnerableNugetTest.csproj", "{721BC7CB-6B9C-4834-B6E5-A82305F720D0}"
EndProject
Project("{D954291E-2A0B-460D-934E-DC6B0785DB48}") = "MySharedProject", "..\MySharedProject\MySharedProject.shproj", "{DFD4FC71-033B-4440-B1A2-15F11057C50B}"
EndProject
Global
	GlobalSection(SolutionConfigurationPlatforms) = preSolution
		Debug|Any CPU = Debug|Any CPU
		Release|Any CPU = Release|Any CPU
	EndGlobalSection
	GlobalSection(ProjectConfigurationPlatforms) = postSolution
		{721BC7CB-6B9C-4834-B6E5-A82305F720D0}.Debug|Any CPU.ActiveCfg = Debug|Any CPU
		{721BC7CB-6B9C-4834-B6E5-A82305F720D0}.Debug|Any CPU.Build.0 = Debug|Any CPU
		{721BC7CB-6B9C-4834-B6E5-A82305F720D0}.Release|Any CPU.ActiveCfg = Release|Any CPU
		{721BC7CB-6B9C-4834-B6E5-A82305F720D0}.Release|Any CPU.Build.0 = Release|Any CPU
	EndGlobalSection
	GlobalSection(SolutionProperties) = preSolution
		HideSolutionNode = FALSE
	EndGlobalSection
	GlobalSection(ExtensibilityGlobals) = postSolution
		SolutionGuid = {FA7B859A-FC91-4CE5-9A59-01FCE671353A}
	EndGlobalSection
	GlobalSection(SharedMSBuildProjectFiles) = preSolution
		..\MySharedProject\MySharedProject.projitems*{721bc7cb-6b9c-4834-b6e5-a82305f720d0}*SharedItemsImports = 5
		..\MySharedProject\MySharedProject.projitems*{dfd4fc71-033b-4440-b1a2-15f11057c50b}*SharedItemsImports = 13
	EndGlobalSection
EndGlobal
